
Microsoft Visual Studio Solution File, Format Version 12.00
# Visual Studio Version 16
VisualStudioVersion = 16.0.31105.61
MinimumVisualStudioVersion = 10.0.40219.1
Project("{FAE04EC0-301F-11D3-BF4B-00C04F79EFBC}") = "PollyNomTest", "PollyNomTest\PollyNomTest.csproj", "{8D3F929A-889A-401C-8463-6CA33D6B029E}"
EndProject
Project("{2150E333-8FDC-42A3-9474-1A3956D46DE8}") = "Solution Items", "Solution Items", "{B62C0462-3A89-466B-BE41-AC2E75F5CC79}"
	ProjectSection(SolutionItems) = preProject
		.editorconfig = .editorconfig
		Issues.txt = Issues.txt
	EndProjectSection
EndProject
Project("{FAE04EC0-301F-11D3-BF4B-00C04F79EFBC}") = "Backend", "Backend\Backend.csproj", "{DCA01706-4651-4248-B9B6-C8B9967B0B98}"
EndProject
Project("{FAE04EC0-301F-11D3-BF4B-00C04F79EFBC}") = "PollyFoundation", "PollyFoundation\PollyFoundation.csproj", "{E346D732-C0D6-4712-B4C5-A7F95AFA8F53}"
EndProject
Project("{FAE04EC0-301F-11D3-BF4B-00C04F79EFBC}") = "Persistence", "Persistence\Persistence.csproj", "{1B86ED8A-D6B1-42AE-B8BB-2F3914AC538E}"
EndProject
Project("{FAE04EC0-301F-11D3-BF4B-00C04F79EFBC}") = "PersistenceTest", "PersistenceTest\PersistenceTest.csproj", "{3E2E0EDD-B3A3-4640-B601-8EB9AB4061C7}"
EndProject
Project("{FAE04EC0-301F-11D3-BF4B-00C04F79EFBC}") = "TestInfrastructure", "TestInfrastructure\TestInfrastructure.csproj", "{F0541973-F7E3-4A92-A363-1D1765F62FBF}"
EndProject
Global
	GlobalSection(SolutionConfigurationPlatforms) = preSolution
		Debug|Any CPU = Debug|Any CPU
		Release|Any CPU = Release|Any CPU
	EndGlobalSection
	GlobalSection(ProjectConfigurationPlatforms) = postSolution
		{8D3F929A-889A-401C-8463-6CA33D6B029E}.Debug|Any CPU.ActiveCfg = Debug|Any CPU
		{8D3F929A-889A-401C-8463-6CA33D6B029E}.Debug|Any CPU.Build.0 = Debug|Any CPU
		{8D3F929A-889A-401C-8463-6CA33D6B029E}.Release|Any CPU.ActiveCfg = Release|Any CPU
		{8D3F929A-889A-401C-8463-6CA33D6B029E}.Release|Any CPU.Build.0 = Release|Any CPU
		{DCA01706-4651-4248-B9B6-C8B9967B0B98}.Debug|Any CPU.ActiveCfg = Debug|Any CPU
		{DCA01706-4651-4248-B9B6-C8B9967B0B98}.Debug|Any CPU.Build.0 = Debug|Any CPU
		{DCA01706-4651-4248-B9B6-C8B9967B0B98}.Release|Any CPU.ActiveCfg = Release|Any CPU
		{DCA01706-4651-4248-B9B6-C8B9967B0B98}.Release|Any CPU.Build.0 = Release|Any CPU
		{E346D732-C0D6-4712-B4C5-A7F95AFA8F53}.Debug|Any CPU.ActiveCfg = Debug|Any CPU
		{E346D732-C0D6-4712-B4C5-A7F95AFA8F53}.Debug|Any CPU.Build.0 = Debug|Any CPU
		{E346D732-C0D6-4712-B4C5-A7F95AFA8F53}.Release|Any CPU.ActiveCfg = Release|Any CPU
		{E346D732-C0D6-4712-B4C5-A7F95AFA8F53}.Release|Any CPU.Build.0 = Release|Any CPU
		{1B86ED8A-D6B1-42AE-B8BB-2F3914AC538E}.Debug|Any CPU.ActiveCfg = Debug|Any CPU
		{1B86ED8A-D6B1-42AE-B8BB-2F3914AC538E}.Debug|Any CPU.Build.0 = Debug|Any CPU
		{1B86ED8A-D6B1-42AE-B8BB-2F3914AC538E}.Release|Any CPU.ActiveCfg = Release|Any CPU
		{1B86ED8A-D6B1-42AE-B8BB-2F3914AC538E}.Release|Any CPU.Build.0 = Release|Any CPU
		{3E2E0EDD-B3A3-4640-B601-8EB9AB4061C7}.Debug|Any CPU.ActiveCfg = Debug|Any CPU
		{3E2E0EDD-B3A3-4640-B601-8EB9AB4061C7}.Debug|Any CPU.Build.0 = Debug|Any CPU
		{3E2E0EDD-B3A3-4640-B601-8EB9AB4061C7}.Release|Any CPU.ActiveCfg = Release|Any CPU
		{3E2E0EDD-B3A3-4640-B601-8EB9AB4061C7}.Release|Any CPU.Build.0 = Release|Any CPU
		{F0541973-F7E3-4A92-A363-1D1765F62FBF}.Debug|Any CPU.ActiveCfg = Debug|Any CPU
		{F0541973-F7E3-4A92-A363-1D1765F62FBF}.Debug|Any CPU.Build.0 = Debug|Any CPU
		{F0541973-F7E3-4A92-A363-1D1765F62FBF}.Release|Any CPU.ActiveCfg = Release|Any CPU
		{F0541973-F7E3-4A92-A363-1D1765F62FBF}.Release|Any CPU.Build.0 = Release|Any CPU
	EndGlobalSection
	GlobalSection(SolutionProperties) = preSolution
		HideSolutionNode = FALSE
	EndGlobalSection
	GlobalSection(ExtensibilityGlobals) = postSolution
		SolutionGuid = {23C34AC1-905A-4F7E-85F2-EE8FD35EC4B5}
	EndGlobalSection
EndGlobal
